// !$*UTF8*$!
{
	archiveVersion = 1;
	classes = {
	};
	objectVersion = 56;
	objects = {

/* Begin PBXBuildFile section */
		7BB9EFAB2BD44AAB001AAD22 /* StartingAgainApp.swift in Sources */ = {isa = PBXBuildFile; fileRef = 7BB9EFAA2BD44AAB001AAD22 /* StartingAgainApp.swift */; };
		7BB9EFAD2BD44AAB001AAD22 /* ContentView.swift in Sources */ = {isa = PBXBuildFile; fileRef = 7BB9EFAC2BD44AAB001AAD22 /* ContentView.swift */; };
		7BB9EFAF2BD44AAC001AAD22 /* Assets.xcassets in Resources */ = {isa = PBXBuildFile; fileRef = 7BB9EFAE2BD44AAC001AAD22 /* Assets.xcassets */; };
		7BB9EFB22BD44AAC001AAD22 /* Preview Assets.xcassets in Resources */ = {isa = PBXBuildFile; fileRef = 7BB9EFB12BD44AAC001AAD22 /* Preview Assets.xcassets */; };
		7BB9EFB92BD44ABE001AAD22 /* FrameView.swift in Sources */ = {isa = PBXBuildFile; fileRef = 7BB9EFB82BD44ABE001AAD22 /* FrameView.swift */; };
		7BB9EFBB2BD44ACC001AAD22 /* FrameHandler.swift in Sources */ = {isa = PBXBuildFile; fileRef = 7BB9EFBA2BD44ACC001AAD22 /* FrameHandler.swift */; };
		7BB9EFBD2BD44F00001AAD22 /* Prototype.mlmodel in Sources */ = {isa = PBXBuildFile; fileRef = 7BB9EFBC2BD44EFF001AAD22 /* Prototype.mlmodel */; };
		7BB9EFC02BD47D87001AAD22 /* Lesson.swift in Sources */ = {isa = PBXBuildFile; fileRef = 7BB9EFBF2BD47D87001AAD22 /* Lesson.swift */; };
		7BB9EFC22BD47E48001AAD22 /* LessonOverviewView.swift in Sources */ = {isa = PBXBuildFile; fileRef = 7BB9EFC12BD47E48001AAD22 /* LessonOverviewView.swift */; };
		7BB9EFC42BD47E84001AAD22 /* LessonWidget.swift in Sources */ = {isa = PBXBuildFile; fileRef = 7BB9EFC32BD47E84001AAD22 /* LessonWidget.swift */; };
		7BB9EFC62BD48071001AAD22 /* StartButtonWidget.swift in Sources */ = {isa = PBXBuildFile; fileRef = 7BB9EFC52BD48071001AAD22 /* StartButtonWidget.swift */; };
		7BB9EFC82BD4846A001AAD22 /* LetterLearningPage.swift in Sources */ = {isa = PBXBuildFile; fileRef = 7BB9EFC72BD4846A001AAD22 /* LetterLearningPage.swift */; };
		7BB9EFCA2BD48AAF001AAD22 /* CameraView.swift in Sources */ = {isa = PBXBuildFile; fileRef = 7BB9EFC92BD48AAF001AAD22 /* CameraView.swift */; };
		7BB9EFCC2BD48CCB001AAD22 /* NextButtonWidget.swift in Sources */ = {isa = PBXBuildFile; fileRef = 7BB9EFCB2BD48CCB001AAD22 /* NextButtonWidget.swift */; };
		C4137B282BD5946F00A39E7E /* wendy.ttf in Resources */ = {isa = PBXBuildFile; fileRef = C4137B262BD5946F00A39E7E /* wendy.ttf */; };
		C4FBC2022BD45FBB0019480F /* HomeView.swift in Sources */ = {isa = PBXBuildFile; fileRef = C4FBC2012BD45FBB0019480F /* HomeView.swift */; };
		C4FBC2042BD465E20019480F /* LoadingView.swift in Sources */ = {isa = PBXBuildFile; fileRef = C4FBC2032BD465E20019480F /* LoadingView.swift */; };
/* End PBXBuildFile section */

/* Begin PBXFileReference section */
		7BB9EFA72BD44AAB001AAD22 /* StartingAgain.app */ = {isa = PBXFileReference; explicitFileType = wrapper.application; includeInIndex = 0; path = StartingAgain.app; sourceTree = BUILT_PRODUCTS_DIR; };
		7BB9EFAA2BD44AAB001AAD22 /* StartingAgainApp.swift */ = {isa = PBXFileReference; lastKnownFileType = sourcecode.swift; path = StartingAgainApp.swift; sourceTree = "<group>"; };
		7BB9EFAC2BD44AAB001AAD22 /* ContentView.swift */ = {isa = PBXFileReference; lastKnownFileType = sourcecode.swift; path = ContentView.swift; sourceTree = "<group>"; };
		7BB9EFAE2BD44AAC001AAD22 /* Assets.xcassets */ = {isa = PBXFileReference; lastKnownFileType = folder.assetcatalog; path = Assets.xcassets; sourceTree = "<group>"; };
		7BB9EFB12BD44AAC001AAD22 /* Preview Assets.xcassets */ = {isa = PBXFileReference; lastKnownFileType = folder.assetcatalog; path = "Preview Assets.xcassets"; sourceTree = "<group>"; };
		7BB9EFB82BD44ABE001AAD22 /* FrameView.swift */ = {isa = PBXFileReference; lastKnownFileType = sourcecode.swift; path = FrameView.swift; sourceTree = "<group>"; };
		7BB9EFBA2BD44ACC001AAD22 /* FrameHandler.swift */ = {isa = PBXFileReference; lastKnownFileType = sourcecode.swift; path = FrameHandler.swift; sourceTree = "<group>"; };
		7BB9EFBC2BD44EFF001AAD22 /* Prototype.mlmodel */ = {isa = PBXFileReference; lastKnownFileType = file.mlmodel; path = Prototype.mlmodel; sourceTree = "<group>"; };
		7BB9EFBF2BD47D87001AAD22 /* Lesson.swift */ = {isa = PBXFileReference; lastKnownFileType = sourcecode.swift; path = Lesson.swift; sourceTree = "<group>"; };
		7BB9EFC12BD47E48001AAD22 /* LessonOverviewView.swift */ = {isa = PBXFileReference; lastKnownFileType = sourcecode.swift; path = LessonOverviewView.swift; sourceTree = "<group>"; };
		7BB9EFC32BD47E84001AAD22 /* LessonWidget.swift */ = {isa = PBXFileReference; lastKnownFileType = sourcecode.swift; path = LessonWidget.swift; sourceTree = "<group>"; };
		7BB9EFC52BD48071001AAD22 /* StartButtonWidget.swift */ = {isa = PBXFileReference; lastKnownFileType = sourcecode.swift; path = StartButtonWidget.swift; sourceTree = "<group>"; };
		7BB9EFC72BD4846A001AAD22 /* LetterLearningPage.swift */ = {isa = PBXFileReference; lastKnownFileType = sourcecode.swift; path = LetterLearningPage.swift; sourceTree = "<group>"; };
		7BB9EFC92BD48AAF001AAD22 /* CameraView.swift */ = {isa = PBXFileReference; lastKnownFileType = sourcecode.swift; path = CameraView.swift; sourceTree = "<group>"; };
		7BB9EFCB2BD48CCB001AAD22 /* NextButtonWidget.swift */ = {isa = PBXFileReference; lastKnownFileType = sourcecode.swift; path = NextButtonWidget.swift; sourceTree = "<group>"; };
		C4137B262BD5946F00A39E7E /* wendy.ttf */ = {isa = PBXFileReference; lastKnownFileType = file; path = wendy.ttf; sourceTree = "<group>"; };
		C4FBC2012BD45FBB0019480F /* HomeView.swift */ = {isa = PBXFileReference; lastKnownFileType = sourcecode.swift; path = HomeView.swift; sourceTree = "<group>"; };
		C4FBC2032BD465E20019480F /* LoadingView.swift */ = {isa = PBXFileReference; lastKnownFileType = sourcecode.swift; path = LoadingView.swift; sourceTree = "<group>"; };
		C4FBC2082BD482AE0019480F /* Info.plist */ = {isa = PBXFileReference; lastKnownFileType = text.plist; path = Info.plist; sourceTree = "<group>"; };
/* End PBXFileReference section */

/* Begin PBXFrameworksBuildPhase section */
		7BB9EFA42BD44AAB001AAD22 /* Frameworks */ = {
			isa = PBXFrameworksBuildPhase;
			buildActionMask = 2147483647;
			files = (
			);
			runOnlyForDeploymentPostprocessing = 0;
		};
/* End PBXFrameworksBuildPhase section */

/* Begin PBXGroup section */
		7BB9EF9E2BD44AAB001AAD22 = {
			isa = PBXGroup;
			children = (
				7BB9EFA92BD44AAB001AAD22 /* StartingAgain */,
				7BB9EFA82BD44AAB001AAD22 /* Products */,
			);
			sourceTree = "<group>";
		};
		7BB9EFA82BD44AAB001AAD22 /* Products */ = {
			isa = PBXGroup;
			children = (
				7BB9EFA72BD44AAB001AAD22 /* StartingAgain.app */,
			);
			name = Products;
			sourceTree = "<group>";
		};
		7BB9EFA92BD44AAB001AAD22 /* StartingAgain */ = {
			isa = PBXGroup;
			children = (
				C4FBC2082BD482AE0019480F /* Info.plist */,
				C4137B272BD5946F00A39E7E /* Fonts */,
				7BB9EFBE2BD47D7E001AAD22 /* Models */,
				7BB9EFAA2BD44AAB001AAD22 /* StartingAgainApp.swift */,
				7BB9EFAC2BD44AAB001AAD22 /* ContentView.swift */,
				7BB9EFC92BD48AAF001AAD22 /* CameraView.swift */,
				7BB9EFC12BD47E48001AAD22 /* LessonOverviewView.swift */,
				7BB9EFC32BD47E84001AAD22 /* LessonWidget.swift */,
				7BB9EFC72BD4846A001AAD22 /* LetterLearningPage.swift */,
				7BB9EFCB2BD48CCB001AAD22 /* NextButtonWidget.swift */,
				7BB9EFC52BD48071001AAD22 /* StartButtonWidget.swift */,
				7BB9EFB82BD44ABE001AAD22 /* FrameView.swift */,
				7BB9EFBA2BD44ACC001AAD22 /* FrameHandler.swift */,
				C4FBC2012BD45FBB0019480F /* HomeView.swift */,
				C4FBC2032BD465E20019480F /* LoadingView.swift */,
				7BB9EFBC2BD44EFF001AAD22 /* Prototype.mlmodel */,
				7BB9EFAE2BD44AAC001AAD22 /* Assets.xcassets */,
				7BB9EFB02BD44AAC001AAD22 /* Preview Content */,
			);
			path = StartingAgain;
			sourceTree = "<group>";
		};
		7BB9EFB02BD44AAC001AAD22 /* Preview Content */ = {
			isa = PBXGroup;
			children = (
				7BB9EFB12BD44AAC001AAD22 /* Preview Assets.xcassets */,
			);
			path = "Preview Content";
			sourceTree = "<group>";
		};
		7BB9EFBE2BD47D7E001AAD22 /* Models */ = {
			isa = PBXGroup;
			children = (
				7BB9EFBF2BD47D87001AAD22 /* Lesson.swift */,
			);
			path = Models;
			sourceTree = "<group>";
		};
		C4137B272BD5946F00A39E7E /* Fonts */ = {
			isa = PBXGroup;
			children = (
				C4137B262BD5946F00A39E7E /* wendy.ttf */,
			);
			path = Fonts;
			sourceTree = "<group>";
		};
/* End PBXGroup section */

/* Begin PBXNativeTarget section */
		7BB9EFA62BD44AAB001AAD22 /* StartingAgain */ = {
			isa = PBXNativeTarget;
			buildConfigurationList = 7BB9EFB52BD44AAC001AAD22 /* Build configuration list for PBXNativeTarget "StartingAgain" */;
			buildPhases = (
				7BB9EFA32BD44AAB001AAD22 /* Sources */,
				7BB9EFA42BD44AAB001AAD22 /* Frameworks */,
				7BB9EFA52BD44AAB001AAD22 /* Resources */,
			);
			buildRules = (
			);
			dependencies = (
			);
			name = StartingAgain;
			productName = StartingAgain;
			productReference = 7BB9EFA72BD44AAB001AAD22 /* StartingAgain.app */;
			productType = "com.apple.product-type.application";
		};
/* End PBXNativeTarget section */

/* Begin PBXProject section */
		7BB9EF9F2BD44AAB001AAD22 /* Project object */ = {
			isa = PBXProject;
			attributes = {
				BuildIndependentTargetsInParallel = 1;
				LastSwiftUpdateCheck = 1520;
				LastUpgradeCheck = 1520;
				TargetAttributes = {
					7BB9EFA62BD44AAB001AAD22 = {
						CreatedOnToolsVersion = 15.2;
					};
				};
			};
			buildConfigurationList = 7BB9EFA22BD44AAB001AAD22 /* Build configuration list for PBXProject "StartingAgain" */;
			compatibilityVersion = "Xcode 14.0";
			developmentRegion = en;
			hasScannedForEncodings = 0;
			knownRegions = (
				en,
				Base,
			);
			mainGroup = 7BB9EF9E2BD44AAB001AAD22;
			productRefGroup = 7BB9EFA82BD44AAB001AAD22 /* Products */;
			projectDirPath = "";
			projectRoot = "";
			targets = (
				7BB9EFA62BD44AAB001AAD22 /* StartingAgain */,
			);
		};
/* End PBXProject section */

/* Begin PBXResourcesBuildPhase section */
		7BB9EFA52BD44AAB001AAD22 /* Resources */ = {
			isa = PBXResourcesBuildPhase;
			buildActionMask = 2147483647;
			files = (
				7BB9EFB22BD44AAC001AAD22 /* Preview Assets.xcassets in Resources */,
				7BB9EFAF2BD44AAC001AAD22 /* Assets.xcassets in Resources */,
				C4137B282BD5946F00A39E7E /* wendy.ttf in Resources */,
			);
			runOnlyForDeploymentPostprocessing = 0;
		};
/* End PBXResourcesBuildPhase section */

/* Begin PBXSourcesBuildPhase section */
		7BB9EFA32BD44AAB001AAD22 /* Sources */ = {
			isa = PBXSourcesBuildPhase;
			buildActionMask = 2147483647;
			files = (
				7BB9EFB92BD44ABE001AAD22 /* FrameView.swift in Sources */,
				7BB9EFC22BD47E48001AAD22 /* LessonOverviewView.swift in Sources */,
				7BB9EFBD2BD44F00001AAD22 /* Prototype.mlmodel in Sources */,
				7BB9EFAD2BD44AAB001AAD22 /* ContentView.swift in Sources */,
				C4FBC2022BD45FBB0019480F /* HomeView.swift in Sources */,
				7BB9EFC82BD4846A001AAD22 /* LetterLearningPage.swift in Sources */,
				7BB9EFC02BD47D87001AAD22 /* Lesson.swift in Sources */,
				7BB9EFC42BD47E84001AAD22 /* LessonWidget.swift in Sources */,
				7BB9EFCA2BD48AAF001AAD22 /* CameraView.swift in Sources */,
				7BB9EFCC2BD48CCB001AAD22 /* NextButtonWidget.swift in Sources */,
				7BB9EFBB2BD44ACC001AAD22 /* FrameHandler.swift in Sources */,
				C4FBC2042BD465E20019480F /* LoadingView.swift in Sources */,
				7BB9EFAB2BD44AAB001AAD22 /* StartingAgainApp.swift in Sources */,
				7BB9EFC62BD48071001AAD22 /* StartButtonWidget.swift in Sources */,
			);
			runOnlyForDeploymentPostprocessing = 0;
		};
/* End PBXSourcesBuildPhase section */

/* Begin XCBuildConfiguration section */
		7BB9EFB32BD44AAC001AAD22 /* Debug */ = {
			isa = XCBuildConfiguration;
			buildSettings = {
				ALWAYS_SEARCH_USER_PATHS = NO;
				ASSETCATALOG_COMPILER_GENERATE_SWIFT_ASSET_SYMBOL_EXTENSIONS = YES;
				CLANG_ANALYZER_NONNULL = YES;
				CLANG_ANALYZER_NUMBER_OBJECT_CONVERSION = YES_AGGRESSIVE;
				CLANG_CXX_LANGUAGE_STANDARD = "gnu++20";
				CLANG_ENABLE_MODULES = YES;
				CLANG_ENABLE_OBJC_ARC = YES;
				CLANG_ENABLE_OBJC_WEAK = YES;
				CLANG_WARN_BLOCK_CAPTURE_AUTORELEASING = YES;
				CLANG_WARN_BOOL_CONVERSION = YES;
				CLANG_WARN_COMMA = YES;
				CLANG_WARN_CONSTANT_CONVERSION = YES;
				CLANG_WARN_DEPRECATED_OBJC_IMPLEMENTATIONS = YES;
				CLANG_WARN_DIRECT_OBJC_ISA_USAGE = YES_ERROR;
				CLANG_WARN_DOCUMENTATION_COMMENTS = YES;
				CLANG_WARN_EMPTY_BODY = YES;
				CLANG_WARN_ENUM_CONVERSION = YES;
				CLANG_WARN_INFINITE_RECURSION = YES;
				CLANG_WARN_INT_CONVERSION = YES;
				CLANG_WARN_NON_LITERAL_NULL_CONVERSION = YES;
				CLANG_WARN_OBJC_IMPLICIT_RETAIN_SELF = YES;
				CLANG_WARN_OBJC_LITERAL_CONVERSION = YES;
				CLANG_WARN_OBJC_ROOT_CLASS = YES_ERROR;
				CLANG_WARN_QUOTED_INCLUDE_IN_FRAMEWORK_HEADER = YES;
				CLANG_WARN_RANGE_LOOP_ANALYSIS = YES;
				CLANG_WARN_STRICT_PROTOTYPES = YES;
				CLANG_WARN_SUSPICIOUS_MOVE = YES;
				CLANG_WARN_UNGUARDED_AVAILABILITY = YES_AGGRESSIVE;
				CLANG_WARN_UNREACHABLE_CODE = YES;
				CLANG_WARN__DUPLICATE_METHOD_MATCH = YES;
				COPY_PHASE_STRIP = NO;
				DEBUG_INFORMATION_FORMAT = dwarf;
				ENABLE_STRICT_OBJC_MSGSEND = YES;
				ENABLE_TESTABILITY = YES;
				ENABLE_USER_SCRIPT_SANDBOXING = YES;
				GCC_C_LANGUAGE_STANDARD = gnu17;
				GCC_DYNAMIC_NO_PIC = NO;
				GCC_NO_COMMON_BLOCKS = YES;
				GCC_OPTIMIZATION_LEVEL = 0;
				GCC_PREPROCESSOR_DEFINITIONS = (
					"DEBUG=1",
					"$(inherited)",
				);
				GCC_WARN_64_TO_32_BIT_CONVERSION = YES;
				GCC_WARN_ABOUT_RETURN_TYPE = YES_ERROR;
				GCC_WARN_UNDECLARED_SELECTOR = YES;
				GCC_WARN_UNINITIALIZED_AUTOS = YES_AGGRESSIVE;
				GCC_WARN_UNUSED_FUNCTION = YES;
				GCC_WARN_UNUSED_VARIABLE = YES;
				IPHONEOS_DEPLOYMENT_TARGET = 17.2;
				LOCALIZATION_PREFERS_STRING_CATALOGS = YES;
				MTL_ENABLE_DEBUG_INFO = INCLUDE_SOURCE;
				MTL_FAST_MATH = YES;
				ONLY_ACTIVE_ARCH = YES;
				SDKROOT = iphoneos;
				SWIFT_ACTIVE_COMPILATION_CONDITIONS = "DEBUG $(inherited)";
				SWIFT_OPTIMIZATION_LEVEL = "-Onone";
			};
			name = Debug;
		};
		7BB9EFB42BD44AAC001AAD22 /* Release */ = {
			isa = XCBuildConfiguration;
			buildSettings = {
				ALWAYS_SEARCH_USER_PATHS = NO;
				ASSETCATALOG_COMPILER_GENERATE_SWIFT_ASSET_SYMBOL_EXTENSIONS = YES;
				CLANG_ANALYZER_NONNULL = YES;
				CLANG_ANALYZER_NUMBER_OBJECT_CONVERSION = YES_AGGRESSIVE;
				CLANG_CXX_LANGUAGE_STANDARD = "gnu++20";
				CLANG_ENABLE_MODULES = YES;
				CLANG_ENABLE_OBJC_ARC = YES;
				CLANG_ENABLE_OBJC_WEAK = YES;
				CLANG_WARN_BLOCK_CAPTURE_AUTORELEASING = YES;
				CLANG_WARN_BOOL_CONVERSION = YES;
				CLANG_WARN_COMMA = YES;
				CLANG_WARN_CONSTANT_CONVERSION = YES;
				CLANG_WARN_DEPRECATED_OBJC_IMPLEMENTATIONS = YES;
				CLANG_WARN_DIRECT_OBJC_ISA_USAGE = YES_ERROR;
				CLANG_WARN_DOCUMENTATION_COMMENTS = YES;
				CLANG_WARN_EMPTY_BODY = YES;
				CLANG_WARN_ENUM_CONVERSION = YES;
				CLANG_WARN_INFINITE_RECURSION = YES;
				CLANG_WARN_INT_CONVERSION = YES;
				CLANG_WARN_NON_LITERAL_NULL_CONVERSION = YES;
				CLANG_WARN_OBJC_IMPLICIT_RETAIN_SELF = YES;
				CLANG_WARN_OBJC_LITERAL_CONVERSION = YES;
				CLANG_WARN_OBJC_ROOT_CLASS = YES_ERROR;
				CLANG_WARN_QUOTED_INCLUDE_IN_FRAMEWORK_HEADER = YES;
				CLANG_WARN_RANGE_LOOP_ANALYSIS = YES;
				CLANG_WARN_STRICT_PROTOTYPES = YES;
				CLANG_WARN_SUSPICIOUS_MOVE = YES;
				CLANG_WARN_UNGUARDED_AVAILABILITY = YES_AGGRESSIVE;
				CLANG_WARN_UNREACHABLE_CODE = YES;
				CLANG_WARN__DUPLICATE_METHOD_MATCH = YES;
				COPY_PHASE_STRIP = NO;
				DEBUG_INFORMATION_FORMAT = "dwarf-with-dsym";
				ENABLE_NS_ASSERTIONS = NO;
				ENABLE_STRICT_OBJC_MSGSEND = YES;
				ENABLE_USER_SCRIPT_SANDBOXING = YES;
				GCC_C_LANGUAGE_STANDARD = gnu17;
				GCC_NO_COMMON_BLOCKS = YES;
				GCC_WARN_64_TO_32_BIT_CONVERSION = YES;
				GCC_WARN_ABOUT_RETURN_TYPE = YES_ERROR;
				GCC_WARN_UNDECLARED_SELECTOR = YES;
				GCC_WARN_UNINITIALIZED_AUTOS = YES_AGGRESSIVE;
				GCC_WARN_UNUSED_FUNCTION = YES;
				GCC_WARN_UNUSED_VARIABLE = YES;
				IPHONEOS_DEPLOYMENT_TARGET = 17.2;
				LOCALIZATION_PREFERS_STRING_CATALOGS = YES;
				MTL_ENABLE_DEBUG_INFO = NO;
				MTL_FAST_MATH = YES;
				SDKROOT = iphoneos;
				SWIFT_COMPILATION_MODE = wholemodule;
				VALIDATE_PRODUCT = YES;
			};
			name = Release;
		};
		7BB9EFB62BD44AAC001AAD22 /* Debug */ = {
			isa = XCBuildConfiguration;
			buildSettings = {
				ASSETCATALOG_COMPILER_APPICON_NAME = AppIcon;
				ASSETCATALOG_COMPILER_GLOBAL_ACCENT_COLOR_NAME = AccentColor;
				CODE_SIGN_STYLE = Automatic;
				CURRENT_PROJECT_VERSION = 1;
				DEVELOPMENT_ASSET_PATHS = "\"StartingAgain/Preview Content\"";
				DEVELOPMENT_TEAM = YKUJ5T85SQ;
				ENABLE_PREVIEWS = YES;
				GENERATE_INFOPLIST_FILE = YES;
				INFOPLIST_FILE = StartingAgain/Info.plist;
				INFOPLIST_KEY_NSCameraUsageDescription = "Used to recognize hand gestures";
				INFOPLIST_KEY_UIApplicationSceneManifest_Generation = YES;
				INFOPLIST_KEY_UIApplicationSupportsIndirectInputEvents = YES;
				INFOPLIST_KEY_UILaunchScreen_Generation = YES;
				INFOPLIST_KEY_UISupportedInterfaceOrientations_iPad = "UIInterfaceOrientationPortrait UIInterfaceOrientationPortraitUpsideDown UIInterfaceOrientationLandscapeLeft UIInterfaceOrientationLandscapeRight";
				INFOPLIST_KEY_UISupportedInterfaceOrientations_iPhone = "UIInterfaceOrientationPortrait UIInterfaceOrientationLandscapeLeft UIInterfaceOrientationLandscapeRight";
				LD_RUNPATH_SEARCH_PATHS = (
					"$(inherited)",
					"@executable_path/Frameworks",
				);
				MARKETING_VERSION = 1.0;
				PRODUCT_BUNDLE_IDENTIFIER = appteam.StartingAgain;
				PRODUCT_NAME = "$(TARGET_NAME)";
				SWIFT_EMIT_LOC_STRINGS = YES;
				SWIFT_VERSION = 5.0;
				TARGETED_DEVICE_FAMILY = "1,2";
			};
			name = Debug;
		};
		7BB9EFB72BD44AAC001AAD22 /* Release */ = {
			isa = XCBuildConfiguration;
			buildSettings = {
				ASSETCATALOG_COMPILER_APPICON_NAME = AppIcon;
				ASSETCATALOG_COMPILER_GLOBAL_ACCENT_COLOR_NAME = AccentColor;
				CODE_SIGN_STYLE = Automatic;
				CURRENT_PROJECT_VERSION = 1;
				DEVELOPMENT_ASSET_PATHS = "\"StartingAgain/Preview Content\"";
				DEVELOPMENT_TEAM = YKUJ5T85SQ;
				ENABLE_PREVIEWS = YES;
				GENERATE_INFOPLIST_FILE = YES;
				INFOPLIST_FILE = StartingAgain/Info.plist;
				INFOPLIST_KEY_NSCameraUsageDescription = "Used to recognize hand gestures";
				INFOPLIST_KEY_UIApplicationSceneManifest_Generation = YES;
				INFOPLIST_KEY_UIApplicationSupportsIndirectInputEvents = YES;
				INFOPLIST_KEY_UILaunchScreen_Generation = YES;
				INFOPLIST_KEY_UISupportedInterfaceOrientations_iPad = "UIInterfaceOrientationPortrait UIInterfaceOrientationPortraitUpsideDown UIInterfaceOrientationLandscapeLeft UIInterfaceOrientationLandscapeRight";
				INFOPLIST_KEY_UISupportedInterfaceOrientations_iPhone = "UIInterfaceOrientationPortrait UIInterfaceOrientationLandscapeLeft UIInterfaceOrientationLandscapeRight";
				LD_RUNPATH_SEARCH_PATHS = (
					"$(inherited)",
					"@executable_path/Frameworks",
				);
				MARKETING_VERSION = 1.0;
				PRODUCT_BUNDLE_IDENTIFIER = appteam.StartingAgain;
				PRODUCT_NAME = "$(TARGET_NAME)";
				SWIFT_EMIT_LOC_STRINGS = YES;
				SWIFT_VERSION = 5.0;
				TARGETED_DEVICE_FAMILY = "1,2";
			};
			name = Release;
		};
/* End XCBuildConfiguration section */

/* Begin XCConfigurationList section */
		7BB9EFA22BD44AAB001AAD22 /* Build configuration list for PBXProject "StartingAgain" */ = {
			isa = XCConfigurationList;
			buildConfigurations = (
				7BB9EFB32BD44AAC001AAD22 /* Debug */,
				7BB9EFB42BD44AAC001AAD22 /* Release */,
			);
			defaultConfigurationIsVisible = 0;
			defaultConfigurationName = Release;
		};
		7BB9EFB52BD44AAC001AAD22 /* Build configuration list for PBXNativeTarget "StartingAgain" */ = {
			isa = XCConfigurationList;
			buildConfigurations = (
				7BB9EFB62BD44AAC001AAD22 /* Debug */,
				7BB9EFB72BD44AAC001AAD22 /* Release */,
			);
			defaultConfigurationIsVisible = 0;
			defaultConfigurationName = Release;
		};
/* End XCConfigurationList section */
	};
	rootObject = 7BB9EF9F2BD44AAB001AAD22 /* Project object */;
}
